// !$*UTF8*$!
{
	archiveVersion = 1;
	classes = {
	};
	objectVersion = 56;
	objects = {

/* Begin PBXBuildFile section */
		C4CC789829F89B260055DC8A /* AppDelegate.swift in Sources */ = {isa = PBXBuildFile; fileRef = C4CC789729F89B260055DC8A /* AppDelegate.swift */; };
		C4CC789A29F89B260055DC8A /* SceneDelegate.swift in Sources */ = {isa = PBXBuildFile; fileRef = C4CC789929F89B260055DC8A /* SceneDelegate.swift */; };
		C4CC789C29F89B260055DC8A /* Tela01ViewController.swift in Sources */ = {isa = PBXBuildFile; fileRef = C4CC789B29F89B260055DC8A /* Tela01ViewController.swift */; };
		C4CC789F29F89B260055DC8A /* Main.storyboard in Resources */ = {isa = PBXBuildFile; fileRef = C4CC789D29F89B260055DC8A /* Main.storyboard */; };
		C4CC78A129F89B280055DC8A /* Assets.xcassets in Resources */ = {isa = PBXBuildFile; fileRef = C4CC78A029F89B280055DC8A /* Assets.xcassets */; };
		C4CC78A429F89B280055DC8A /* LaunchScreen.storyboard in Resources */ = {isa = PBXBuildFile; fileRef = C4CC78A229F89B280055DC8A /* LaunchScreen.storyboard */; };
		C4CC78AC29F8A08C0055DC8A /* Tela02ViewController.swift in Sources */ = {isa = PBXBuildFile; fileRef = C4CC78AB29F8A08C0055DC8A /* Tela02ViewController.swift */; };
		C4CC78AE29F8A0B80055DC8A /* Tela03ViewController.swift in Sources */ = {isa = PBXBuildFile; fileRef = C4CC78AD29F8A0B80055DC8A /* Tela03ViewController.swift */; };
		C4CC78B029F8AD390055DC8A /* TabBarController.swift in Sources */ = {isa = PBXBuildFile; fileRef = C4CC78AF29F8AD390055DC8A /* TabBarController.swift */; };
/* End PBXBuildFile section */

/* Begin PBXFileReference section */
		C4CC789429F89B260055DC8A /* PrimeiroProjetoTabBar.app */ = {isa = PBXFileReference; explicitFileType = wrapper.application; includeInIndex = 0; path = PrimeiroProjetoTabBar.app; sourceTree = BUILT_PRODUCTS_DIR; };
		C4CC789729F89B260055DC8A /* AppDelegate.swift */ = {isa = PBXFileReference; lastKnownFileType = sourcecode.swift; path = AppDelegate.swift; sourceTree = "<group>"; };
		C4CC789929F89B260055DC8A /* SceneDelegate.swift */ = {isa = PBXFileReference; lastKnownFileType = sourcecode.swift; path = SceneDelegate.swift; sourceTree = "<group>"; };
		C4CC789B29F89B260055DC8A /* Tela01ViewController.swift */ = {isa = PBXFileReference; lastKnownFileType = sourcecode.swift; path = Tela01ViewController.swift; sourceTree = "<group>"; };
		C4CC789E29F89B260055DC8A /* Base */ = {isa = PBXFileReference; lastKnownFileType = file.storyboard; name = Base; path = Base.lproj/Main.storyboard; sourceTree = "<group>"; };
		C4CC78A029F89B280055DC8A /* Assets.xcassets */ = {isa = PBXFileReference; lastKnownFileType = folder.assetcatalog; path = Assets.xcassets; sourceTree = "<group>"; };
		C4CC78A329F89B280055DC8A /* Base */ = {isa = PBXFileReference; lastKnownFileType = file.storyboard; name = Base; path = Base.lproj/LaunchScreen.storyboard; sourceTree = "<group>"; };
		C4CC78A529F89B280055DC8A /* Info.plist */ = {isa = PBXFileReference; lastKnownFileType = text.plist.xml; path = Info.plist; sourceTree = "<group>"; };
		C4CC78AB29F8A08C0055DC8A /* Tela02ViewController.swift */ = {isa = PBXFileReference; lastKnownFileType = sourcecode.swift; path = Tela02ViewController.swift; sourceTree = "<group>"; };
		C4CC78AD29F8A0B80055DC8A /* Tela03ViewController.swift */ = {isa = PBXFileReference; lastKnownFileType = sourcecode.swift; path = Tela03ViewController.swift; sourceTree = "<group>"; };
		C4CC78AF29F8AD390055DC8A /* TabBarController.swift */ = {isa = PBXFileReference; lastKnownFileType = sourcecode.swift; path = TabBarController.swift; sourceTree = "<group>"; };
/* End PBXFileReference section */

/* Begin PBXFrameworksBuildPhase section */
		C4CC789129F89B260055DC8A /* Frameworks */ = {
			isa = PBXFrameworksBuildPhase;
			buildActionMask = 2147483647;
			files = (
			);
			runOnlyForDeploymentPostprocessing = 0;
		};
/* End PBXFrameworksBuildPhase section */

/* Begin PBXGroup section */
		C4CC788B29F89B260055DC8A = {
			isa = PBXGroup;
			children = (
				C4CC789629F89B260055DC8A /* PrimeiroProjetoTabBar */,
				C4CC789529F89B260055DC8A /* Products */,
			);
			sourceTree = "<group>";
		};
		C4CC789529F89B260055DC8A /* Products */ = {
			isa = PBXGroup;
			children = (
				C4CC789429F89B260055DC8A /* PrimeiroProjetoTabBar.app */,
			);
			name = Products;
			sourceTree = "<group>";
		};
		C4CC789629F89B260055DC8A /* PrimeiroProjetoTabBar */ = {
			isa = PBXGroup;
			children = (
				C4CC789729F89B260055DC8A /* AppDelegate.swift */,
				C4CC789929F89B260055DC8A /* SceneDelegate.swift */,
				C4CC789B29F89B260055DC8A /* Tela01ViewController.swift */,
				C4CC78AB29F8A08C0055DC8A /* Tela02ViewController.swift */,
				C4CC78AD29F8A0B80055DC8A /* Tela03ViewController.swift */,
				C4CC78AF29F8AD390055DC8A /* TabBarController.swift */,
				C4CC789D29F89B260055DC8A /* Main.storyboard */,
				C4CC78A029F89B280055DC8A /* Assets.xcassets */,
				C4CC78A229F89B280055DC8A /* LaunchScreen.storyboard */,
				C4CC78A529F89B280055DC8A /* Info.plist */,
			);
			path = PrimeiroProjetoTabBar;
			sourceTree = "<group>";
		};
/* End PBXGroup section */

/* Begin PBXNativeTarget section */
		C4CC789329F89B260055DC8A /* PrimeiroProjetoTabBar */ = {
			isa = PBXNativeTarget;
			buildConfigurationList = C4CC78A829F89B280055DC8A /* Build configuration list for PBXNativeTarget "PrimeiroProjetoTabBar" */;
			buildPhases = (
				C4CC789029F89B260055DC8A /* Sources */,
				C4CC789129F89B260055DC8A /* Frameworks */,
				C4CC789229F89B260055DC8A /* Resources */,
			);
			buildRules = (
			);
			dependencies = (
			);
			name = PrimeiroProjetoTabBar;
			productName = PrimeiroProjetoTabBar;
			productReference = C4CC789429F89B260055DC8A /* PrimeiroProjetoTabBar.app */;
			productType = "com.apple.product-type.application";
		};
/* End PBXNativeTarget section */

/* Begin PBXProject section */
		C4CC788C29F89B260055DC8A /* Project object */ = {
			isa = PBXProject;
			attributes = {
				BuildIndependentTargetsInParallel = 1;
				LastSwiftUpdateCheck = 1430;
				LastUpgradeCheck = 1430;
				TargetAttributes = {
					C4CC789329F89B260055DC8A = {
						CreatedOnToolsVersion = 14.3;
					};
				};
			};
			buildConfigurationList = C4CC788F29F89B260055DC8A /* Build configuration list for PBXProject "PrimeiroProjetoTabBar" */;
			compatibilityVersion = "Xcode 14.0";
			developmentRegion = en;
			hasScannedForEncodings = 0;
			knownRegions = (
				en,
				Base,
			);
			mainGroup = C4CC788B29F89B260055DC8A;
			productRefGroup = C4CC789529F89B260055DC8A /* Products */;
			projectDirPath = "";
			projectRoot = "";
			targets = (
				C4CC789329F89B260055DC8A /* PrimeiroProjetoTabBar */,
			);
		};
/* End PBXProject section */

/* Begin PBXResourcesBuildPhase section */
		C4CC789229F89B260055DC8A /* Resources */ = {
			isa = PBXResourcesBuildPhase;
			buildActionMask = 2147483647;
			files = (
				C4CC78A429F89B280055DC8A /* LaunchScreen.storyboard in Resources */,
				C4CC78A129F89B280055DC8A /* Assets.xcassets in Resources */,
				C4CC789F29F89B260055DC8A /* Main.storyboard in Resources */,
			);
			runOnlyForDeploymentPostprocessing = 0;
		};
/* End PBXResourcesBuildPhase section */

/* Begin PBXSourcesBuildPhase section */
		C4CC789029F89B260055DC8A /* Sources */ = {
			isa = PBXSourcesBuildPhase;
			buildActionMask = 2147483647;
			files = (
				C4CC78AC29F8A08C0055DC8A /* Tela02ViewController.swift in Sources */,
				C4CC789C29F89B260055DC8A /* Tela01ViewController.swift in Sources */,
				C4CC789829F89B260055DC8A /* AppDelegate.swift in Sources */,
				C4CC78B029F8AD390055DC8A /* TabBarController.swift in Sources */,
				C4CC789A29F89B260055DC8A /* SceneDelegate.swift in Sources */,
				C4CC78AE29F8A0B80055DC8A /* Tela03ViewController.swift in Sources */,
			);
			runOnlyForDeploymentPostprocessing = 0;
		};
/* End PBXSourcesBuildPhase section */

/* Begin PBXVariantGroup section */
		C4CC789D29F89B260055DC8A /* Main.storyboard */ = {
			isa = PBXVariantGroup;
			children = (
				C4CC789E29F89B260055DC8A /* Base */,
			);
			name = Main.storyboard;
			sourceTree = "<group>";
		};
		C4CC78A229F89B280055DC8A /* LaunchScreen.storyboard */ = {
			isa = PBXVariantGroup;
			children = (
				C4CC78A329F89B280055DC8A /* Base */,
			);
			name = LaunchScreen.storyboard;
			sourceTree = "<group>";
		};
/* End PBXVariantGroup section */

/* Begin XCBuildConfiguration section */
		C4CC78A629F89B280055DC8A /* Debug */ = {
			isa = XCBuildConfiguration;
			buildSettings = {
				ALWAYS_SEARCH_USER_PATHS = NO;
				CLANG_ANALYZER_NONNULL = YES;
				CLANG_ANALYZER_NUMBER_OBJECT_CONVERSION = YES_AGGRESSIVE;
				CLANG_CXX_LANGUAGE_STANDARD = "gnu++20";
				CLANG_ENABLE_MODULES = YES;
				CLANG_ENABLE_OBJC_ARC = YES;
				CLANG_ENABLE_OBJC_WEAK = YES;
				CLANG_WARN_BLOCK_CAPTURE_AUTORELEASING = YES;
				CLANG_WARN_BOOL_CONVERSION = YES;
				CLANG_WARN_COMMA = YES;
				CLANG_WARN_CONSTANT_CONVERSION = YES;
				CLANG_WARN_DEPRECATED_OBJC_IMPLEMENTATIONS = YES;
				CLANG_WARN_DIRECT_OBJC_ISA_USAGE = YES_ERROR;
				CLANG_WARN_DOCUMENTATION_COMMENTS = YES;
				CLANG_WARN_EMPTY_BODY = YES;
				CLANG_WARN_ENUM_CONVERSION = YES;
				CLANG_WARN_INFINITE_RECURSION = YES;
				CLANG_WARN_INT_CONVERSION = YES;
				CLANG_WARN_NON_LITERAL_NULL_CONVERSION = YES;
				CLANG_WARN_OBJC_IMPLICIT_RETAIN_SELF = YES;
				CLANG_WARN_OBJC_LITERAL_CONVERSION = YES;
				CLANG_WARN_OBJC_ROOT_CLASS = YES_ERROR;
				CLANG_WARN_QUOTED_INCLUDE_IN_FRAMEWORK_HEADER = YES;
				CLANG_WARN_RANGE_LOOP_ANALYSIS = YES;
				CLANG_WARN_STRICT_PROTOTYPES = YES;
				CLANG_WARN_SUSPICIOUS_MOVE = YES;
				CLANG_WARN_UNGUARDED_AVAILABILITY = YES_AGGRESSIVE;
				CLANG_WARN_UNREACHABLE_CODE = YES;
				CLANG_WARN__DUPLICATE_METHOD_MATCH = YES;
				COPY_PHASE_STRIP = NO;
				DEBUG_INFORMATION_FORMAT = dwarf;
				ENABLE_STRICT_OBJC_MSGSEND = YES;
				ENABLE_TESTABILITY = YES;
				GCC_C_LANGUAGE_STANDARD = gnu11;
				GCC_DYNAMIC_NO_PIC = NO;
				GCC_NO_COMMON_BLOCKS = YES;
				GCC_OPTIMIZATION_LEVEL = 0;
				GCC_PREPROCESSOR_DEFINITIONS = (
					"DEBUG=1",
					"$(inherited)",
				);
				GCC_WARN_64_TO_32_BIT_CONVERSION = YES;
				GCC_WARN_ABOUT_RETURN_TYPE = YES_ERROR;
				GCC_WARN_UNDECLARED_SELECTOR = YES;
				GCC_WARN_UNINITIALIZED_AUTOS = YES_AGGRESSIVE;
				GCC_WARN_UNUSED_FUNCTION = YES;
				GCC_WARN_UNUSED_VARIABLE = YES;
				IPHONEOS_DEPLOYMENT_TARGET = 16.4;
				MTL_ENABLE_DEBUG_INFO = INCLUDE_SOURCE;
				MTL_FAST_MATH = YES;
				ONLY_ACTIVE_ARCH = YES;
				SDKROOT = iphoneos;
				SWIFT_ACTIVE_COMPILATION_CONDITIONS = DEBUG;
				SWIFT_OPTIMIZATION_LEVEL = "-Onone";
			};
			name = Debug;
		};
		C4CC78A729F89B280055DC8A /* Release */ = {
			isa = XCBuildConfiguration;
			buildSettings = {
				ALWAYS_SEARCH_USER_PATHS = NO;
				CLANG_ANALYZER_NONNULL = YES;
				CLANG_ANALYZER_NUMBER_OBJECT_CONVERSION = YES_AGGRESSIVE;
				CLANG_CXX_LANGUAGE_STANDARD = "gnu++20";
				CLANG_ENABLE_MODULES = YES;
				CLANG_ENABLE_OBJC_ARC = YES;
				CLANG_ENABLE_OBJC_WEAK = YES;
				CLANG_WARN_BLOCK_CAPTURE_AUTORELEASING = YES;
				CLANG_WARN_BOOL_CONVERSION = YES;
				CLANG_WARN_COMMA = YES;
				CLANG_WARN_CONSTANT_CONVERSION = YES;
				CLANG_WARN_DEPRECATED_OBJC_IMPLEMENTATIONS = YES;
				CLANG_WARN_DIRECT_OBJC_ISA_USAGE = YES_ERROR;
				CLANG_WARN_DOCUMENTATION_COMMENTS = YES;
				CLANG_WARN_EMPTY_BODY = YES;
				CLANG_WARN_ENUM_CONVERSION = YES;
				CLANG_WARN_INFINITE_RECURSION = YES;
				CLANG_WARN_INT_CONVERSION = YES;
				CLANG_WARN_NON_LITERAL_NULL_CONVERSION = YES;
				CLANG_WARN_OBJC_IMPLICIT_RETAIN_SELF = YES;
				CLANG_WARN_OBJC_LITERAL_CONVERSION = YES;
				CLANG_WARN_OBJC_ROOT_CLASS = YES_ERROR;
				CLANG_WARN_QUOTED_INCLUDE_IN_FRAMEWORK_HEADER = YES;
				CLANG_WARN_RANGE_LOOP_ANALYSIS = YES;
				CLANG_WARN_STRICT_PROTOTYPES = YES;
				CLANG_WARN_SUSPICIOUS_MOVE = YES;
				CLANG_WARN_UNGUARDED_AVAILABILITY = YES_AGGRESSIVE;
				CLANG_WARN_UNREACHABLE_CODE = YES;
				CLANG_WARN__DUPLICATE_METHOD_MATCH = YES;
				COPY_PHASE_STRIP = NO;
				DEBUG_INFORMATION_FORMAT = "dwarf-with-dsym";
				ENABLE_NS_ASSERTIONS = NO;
				ENABLE_STRICT_OBJC_MSGSEND = YES;
				GCC_C_LANGUAGE_STANDARD = gnu11;
				GCC_NO_COMMON_BLOCKS = YES;
				GCC_WARN_64_TO_32_BIT_CONVERSION = YES;
				GCC_WARN_ABOUT_RETURN_TYPE = YES_ERROR;
				GCC_WARN_UNDECLARED_SELECTOR = YES;
				GCC_WARN_UNINITIALIZED_AUTOS = YES_AGGRESSIVE;
				GCC_WARN_UNUSED_FUNCTION = YES;
				GCC_WARN_UNUSED_VARIABLE = YES;
				IPHONEOS_DEPLOYMENT_TARGET = 16.4;
				MTL_ENABLE_DEBUG_INFO = NO;
				MTL_FAST_MATH = YES;
				SDKROOT = iphoneos;
				SWIFT_COMPILATION_MODE = wholemodule;
				SWIFT_OPTIMIZATION_LEVEL = "-O";
				VALIDATE_PRODUCT = YES;
			};
			name = Release;
		};
		C4CC78A929F89B280055DC8A /* Debug */ = {
			isa = XCBuildConfiguration;
			buildSettings = {
				ASSETCATALOG_COMPILER_APPICON_NAME = AppIcon;
				ASSETCATALOG_COMPILER_GLOBAL_ACCENT_COLOR_NAME = AccentColor;
				CODE_SIGN_STYLE = Automatic;
				CURRENT_PROJECT_VERSION = 1;
				GENERATE_INFOPLIST_FILE = YES;
				INFOPLIST_FILE = PrimeiroProjetoTabBar/Info.plist;
				INFOPLIST_KEY_UIApplicationSupportsIndirectInputEvents = YES;
				INFOPLIST_KEY_UILaunchStoryboardName = LaunchScreen;
				INFOPLIST_KEY_UIMainStoryboardFile = Main;
				INFOPLIST_KEY_UISupportedInterfaceOrientations_iPad = "UIInterfaceOrientationPortrait UIInterfaceOrientationPortraitUpsideDown UIInterfaceOrientationLandscapeLeft UIInterfaceOrientationLandscapeRight";
				INFOPLIST_KEY_UISupportedInterfaceOrientations_iPhone = "UIInterfaceOrientationPortrait UIInterfaceOrientationLandscapeLeft UIInterfaceOrientationLandscapeRight";
				LD_RUNPATH_SEARCH_PATHS = (
					"$(inherited)",
					"@executable_path/Frameworks",
				);
				MARKETING_VERSION = 1.0;
				PRODUCT_BUNDLE_IDENTIFIER = Backfront.PrimeiroProjetoTabBar;
				PRODUCT_NAME = "$(TARGET_NAME)";
				SWIFT_EMIT_LOC_STRINGS = YES;
				SWIFT_VERSION = 5.0;
				TARGETED_DEVICE_FAMILY = "1,2";
			};
			name = Debug;
		};
		C4CC78AA29F89B280055DC8A /* Release */ = {
			isa = XCBuildConfiguration;
			buildSettings = {
				ASSETCATALOG_COMPILER_APPICON_NAME = AppIcon;
				ASSETCATALOG_COMPILER_GLOBAL_ACCENT_COLOR_NAME = AccentColor;
				CODE_SIGN_STYLE = Automatic;
				CURRENT_PROJECT_VERSION = 1;
				GENERATE_INFOPLIST_FILE = YES;
				INFOPLIST_FILE = PrimeiroProjetoTabBar/Info.plist;
				INFOPLIST_KEY_UIApplicationSupportsIndirectInputEvents = YES;
				INFOPLIST_KEY_UILaunchStoryboardName = LaunchScreen;
				INFOPLIST_KEY_UIMainStoryboardFile = Main;
				INFOPLIST_KEY_UISupportedInterfaceOrientations_iPad = "UIInterfaceOrientationPortrait UIInterfaceOrientationPortraitUpsideDown UIInterfaceOrientationLandscapeLeft UIInterfaceOrientationLandscapeRight";
				INFOPLIST_KEY_UISupportedInterfaceOrientations_iPhone = "UIInterfaceOrientationPortrait UIInterfaceOrientationLandscapeLeft UIInterfaceOrientationLandscapeRight";
				LD_RUNPATH_SEARCH_PATHS = (
					"$(inherited)",
					"@executable_path/Frameworks",
				);
				MARKETING_VERSION = 1.0;
				PRODUCT_BUNDLE_IDENTIFIER = Backfront.PrimeiroProjetoTabBar;
				PRODUCT_NAME = "$(TARGET_NAME)";
				SWIFT_EMIT_LOC_STRINGS = YES;
				SWIFT_VERSION = 5.0;
				TARGETED_DEVICE_FAMILY = "1,2";
			};
			name = Release;
		};
/* End XCBuildConfiguration section */

/* Begin XCConfigurationList section */
		C4CC788F29F89B260055DC8A /* Build configuration list for PBXProject "PrimeiroProjetoTabBar" */ = {
			isa = XCConfigurationList;
			buildConfigurations = (
				C4CC78A629F89B280055DC8A /* Debug */,
				C4CC78A729F89B280055DC8A /* Release */,
			);
			defaultConfigurationIsVisible = 0;
			defaultConfigurationName = Release;
		};
		C4CC78A829F89B280055DC8A /* Build configuration list for PBXNativeTarget "PrimeiroProjetoTabBar" */ = {
			isa = XCConfigurationList;
			buildConfigurations = (
				C4CC78A929F89B280055DC8A /* Debug */,
				C4CC78AA29F89B280055DC8A /* Release */,
			);
			defaultConfigurationIsVisible = 0;
			defaultConfigurationName = Release;
		};
/* End XCConfigurationList section */
	};
	rootObject = C4CC788C29F89B260055DC8A /* Project object */;
}
