// !$*UTF8*$!
{
	archiveVersion = 1;
	classes = {
	};
	objectVersion = 56;
	objects = {

/* Begin PBXBuildFile section */
		C408131029DF5E9100FFFF0C /* AppDelegate.swift in Sources */ = {isa = PBXBuildFile; fileRef = C408130F29DF5E9100FFFF0C /* AppDelegate.swift */; };
		C408131229DF5E9100FFFF0C /* SceneDelegate.swift in Sources */ = {isa = PBXBuildFile; fileRef = C408131129DF5E9100FFFF0C /* SceneDelegate.swift */; };
		C408131429DF5E9100FFFF0C /* ViewController.swift in Sources */ = {isa = PBXBuildFile; fileRef = C408131329DF5E9100FFFF0C /* ViewController.swift */; };
		C408131729DF5E9100FFFF0C /* Main.storyboard in Resources */ = {isa = PBXBuildFile; fileRef = C408131529DF5E9100FFFF0C /* Main.storyboard */; };
		C408131929DF5E9300FFFF0C /* Assets.xcassets in Resources */ = {isa = PBXBuildFile; fileRef = C408131829DF5E9300FFFF0C /* Assets.xcassets */; };
		C408131C29DF5E9300FFFF0C /* LaunchScreen.storyboard in Resources */ = {isa = PBXBuildFile; fileRef = C408131A29DF5E9300FFFF0C /* LaunchScreen.storyboard */; };
		C408132729DF5ED400FFFF0C /* tela02.storyboard in Resources */ = {isa = PBXBuildFile; fileRef = C408132629DF5ED400FFFF0C /* tela02.storyboard */; };
		C408132929DF5EE900FFFF0C /* tela2.swift in Sources */ = {isa = PBXBuildFile; fileRef = C408132829DF5EE900FFFF0C /* tela2.swift */; };
/* End PBXBuildFile section */

/* Begin PBXFileReference section */
		C408130C29DF5E9100FFFF0C /* TransicaoDeTexto.app */ = {isa = PBXFileReference; explicitFileType = wrapper.application; includeInIndex = 0; path = TransicaoDeTexto.app; sourceTree = BUILT_PRODUCTS_DIR; };
		C408130F29DF5E9100FFFF0C /* AppDelegate.swift */ = {isa = PBXFileReference; lastKnownFileType = sourcecode.swift; path = AppDelegate.swift; sourceTree = "<group>"; };
		C408131129DF5E9100FFFF0C /* SceneDelegate.swift */ = {isa = PBXFileReference; lastKnownFileType = sourcecode.swift; path = SceneDelegate.swift; sourceTree = "<group>"; };
		C408131329DF5E9100FFFF0C /* ViewController.swift */ = {isa = PBXFileReference; lastKnownFileType = sourcecode.swift; path = ViewController.swift; sourceTree = "<group>"; };
		C408131629DF5E9100FFFF0C /* Base */ = {isa = PBXFileReference; lastKnownFileType = file.storyboard; name = Base; path = Base.lproj/Main.storyboard; sourceTree = "<group>"; };
		C408131829DF5E9300FFFF0C /* Assets.xcassets */ = {isa = PBXFileReference; lastKnownFileType = folder.assetcatalog; path = Assets.xcassets; sourceTree = "<group>"; };
		C408131B29DF5E9300FFFF0C /* Base */ = {isa = PBXFileReference; lastKnownFileType = file.storyboard; name = Base; path = Base.lproj/LaunchScreen.storyboard; sourceTree = "<group>"; };
		C408131D29DF5E9300FFFF0C /* Info.plist */ = {isa = PBXFileReference; lastKnownFileType = text.plist.xml; path = Info.plist; sourceTree = "<group>"; };
		C408132629DF5ED400FFFF0C /* tela02.storyboard */ = {isa = PBXFileReference; lastKnownFileType = file.storyboard; path = tela02.storyboard; sourceTree = "<group>"; };
		C408132829DF5EE900FFFF0C /* tela2.swift */ = {isa = PBXFileReference; lastKnownFileType = sourcecode.swift; path = tela2.swift; sourceTree = "<group>"; };
/* End PBXFileReference section */

/* Begin PBXFrameworksBuildPhase section */
		C408130929DF5E9100FFFF0C /* Frameworks */ = {
			isa = PBXFrameworksBuildPhase;
			buildActionMask = 2147483647;
			files = (
			);
			runOnlyForDeploymentPostprocessing = 0;
		};
/* End PBXFrameworksBuildPhase section */

/* Begin PBXGroup section */
		C408130329DF5E9100FFFF0C = {
			isa = PBXGroup;
			children = (
				C408130E29DF5E9100FFFF0C /* TransicaoDeTexto */,
				C408130D29DF5E9100FFFF0C /* Products */,
			);
			sourceTree = "<group>";
		};
		C408130D29DF5E9100FFFF0C /* Products */ = {
			isa = PBXGroup;
			children = (
				C408130C29DF5E9100FFFF0C /* TransicaoDeTexto.app */,
			);
			name = Products;
			sourceTree = "<group>";
		};
		C408130E29DF5E9100FFFF0C /* TransicaoDeTexto */ = {
			isa = PBXGroup;
			children = (
				C408132529DF5EC100FFFF0C /* Tela02 */,
				C408132429DF5EB300FFFF0C /* Tela01 */,
				C408132329DF5EA100FFFF0C /* Resources */,
				C408131D29DF5E9300FFFF0C /* Info.plist */,
			);
			path = TransicaoDeTexto;
			sourceTree = "<group>";
		};
		C408132329DF5EA100FFFF0C /* Resources */ = {
			isa = PBXGroup;
			children = (
				C408130F29DF5E9100FFFF0C /* AppDelegate.swift */,
				C408131129DF5E9100FFFF0C /* SceneDelegate.swift */,
				C408131829DF5E9300FFFF0C /* Assets.xcassets */,
				C408131A29DF5E9300FFFF0C /* LaunchScreen.storyboard */,
			);
			path = Resources;
			sourceTree = "<group>";
		};
		C408132429DF5EB300FFFF0C /* Tela01 */ = {
			isa = PBXGroup;
			children = (
				C408131529DF5E9100FFFF0C /* Main.storyboard */,
				C408131329DF5E9100FFFF0C /* ViewController.swift */,
			);
			path = Tela01;
			sourceTree = "<group>";
		};
		C408132529DF5EC100FFFF0C /* Tela02 */ = {
			isa = PBXGroup;
			children = (
				C408132629DF5ED400FFFF0C /* tela02.storyboard */,
				C408132829DF5EE900FFFF0C /* tela2.swift */,
			);
			path = Tela02;
			sourceTree = "<group>";
		};
/* End PBXGroup section */

/* Begin PBXNativeTarget section */
		C408130B29DF5E9100FFFF0C /* TransicaoDeTexto */ = {
			isa = PBXNativeTarget;
			buildConfigurationList = C408132029DF5E9300FFFF0C /* Build configuration list for PBXNativeTarget "TransicaoDeTexto" */;
			buildPhases = (
				C408130829DF5E9100FFFF0C /* Sources */,
				C408130929DF5E9100FFFF0C /* Frameworks */,
				C408130A29DF5E9100FFFF0C /* Resources */,
			);
			buildRules = (
			);
			dependencies = (
			);
			name = TransicaoDeTexto;
			productName = TransicaoDeTexto;
			productReference = C408130C29DF5E9100FFFF0C /* TransicaoDeTexto.app */;
			productType = "com.apple.product-type.application";
		};
/* End PBXNativeTarget section */

/* Begin PBXProject section */
		C408130429DF5E9100FFFF0C /* Project object */ = {
			isa = PBXProject;
			attributes = {
				BuildIndependentTargetsInParallel = 1;
				LastSwiftUpdateCheck = 1430;
				LastUpgradeCheck = 1430;
				TargetAttributes = {
					C408130B29DF5E9100FFFF0C = {
						CreatedOnToolsVersion = 14.3;
					};
				};
			};
			buildConfigurationList = C408130729DF5E9100FFFF0C /* Build configuration list for PBXProject "TransicaoDeTexto" */;
			compatibilityVersion = "Xcode 14.0";
			developmentRegion = en;
			hasScannedForEncodings = 0;
			knownRegions = (
				en,
				Base,
			);
			mainGroup = C408130329DF5E9100FFFF0C;
			productRefGroup = C408130D29DF5E9100FFFF0C /* Products */;
			projectDirPath = "";
			projectRoot = "";
			targets = (
				C408130B29DF5E9100FFFF0C /* TransicaoDeTexto */,
			);
		};
/* End PBXProject section */

/* Begin PBXResourcesBuildPhase section */
		C408130A29DF5E9100FFFF0C /* Resources */ = {
			isa = PBXResourcesBuildPhase;
			buildActionMask = 2147483647;
			files = (
				C408132729DF5ED400FFFF0C /* tela02.storyboard in Resources */,
				C408131C29DF5E9300FFFF0C /* LaunchScreen.storyboard in Resources */,
				C408131929DF5E9300FFFF0C /* Assets.xcassets in Resources */,
				C408131729DF5E9100FFFF0C /* Main.storyboard in Resources */,
			);
			runOnlyForDeploymentPostprocessing = 0;
		};
/* End PBXResourcesBuildPhase section */

/* Begin PBXSourcesBuildPhase section */
		C408130829DF5E9100FFFF0C /* Sources */ = {
			isa = PBXSourcesBuildPhase;
			buildActionMask = 2147483647;
			files = (
				C408131429DF5E9100FFFF0C /* ViewController.swift in Sources */,
				C408131029DF5E9100FFFF0C /* AppDelegate.swift in Sources */,
				C408132929DF5EE900FFFF0C /* tela2.swift in Sources */,
				C408131229DF5E9100FFFF0C /* SceneDelegate.swift in Sources */,
			);
			runOnlyForDeploymentPostprocessing = 0;
		};
/* End PBXSourcesBuildPhase section */

/* Begin PBXVariantGroup section */
		C408131529DF5E9100FFFF0C /* Main.storyboard */ = {
			isa = PBXVariantGroup;
			children = (
				C408131629DF5E9100FFFF0C /* Base */,
			);
			name = Main.storyboard;
			sourceTree = "<group>";
		};
		C408131A29DF5E9300FFFF0C /* LaunchScreen.storyboard */ = {
			isa = PBXVariantGroup;
			children = (
				C408131B29DF5E9300FFFF0C /* Base */,
			);
			name = LaunchScreen.storyboard;
			sourceTree = "<group>";
		};
/* End PBXVariantGroup section */

/* Begin XCBuildConfiguration section */
		C408131E29DF5E9300FFFF0C /* Debug */ = {
			isa = XCBuildConfiguration;
			buildSettings = {
				ALWAYS_SEARCH_USER_PATHS = NO;
				CLANG_ANALYZER_NONNULL = YES;
				CLANG_ANALYZER_NUMBER_OBJECT_CONVERSION = YES_AGGRESSIVE;
				CLANG_CXX_LANGUAGE_STANDARD = "gnu++20";
				CLANG_ENABLE_MODULES = YES;
				CLANG_ENABLE_OBJC_ARC = YES;
				CLANG_ENABLE_OBJC_WEAK = YES;
				CLANG_WARN_BLOCK_CAPTURE_AUTORELEASING = YES;
				CLANG_WARN_BOOL_CONVERSION = YES;
				CLANG_WARN_COMMA = YES;
				CLANG_WARN_CONSTANT_CONVERSION = YES;
				CLANG_WARN_DEPRECATED_OBJC_IMPLEMENTATIONS = YES;
				CLANG_WARN_DIRECT_OBJC_ISA_USAGE = YES_ERROR;
				CLANG_WARN_DOCUMENTATION_COMMENTS = YES;
				CLANG_WARN_EMPTY_BODY = YES;
				CLANG_WARN_ENUM_CONVERSION = YES;
				CLANG_WARN_INFINITE_RECURSION = YES;
				CLANG_WARN_INT_CONVERSION = YES;
				CLANG_WARN_NON_LITERAL_NULL_CONVERSION = YES;
				CLANG_WARN_OBJC_IMPLICIT_RETAIN_SELF = YES;
				CLANG_WARN_OBJC_LITERAL_CONVERSION = YES;
				CLANG_WARN_OBJC_ROOT_CLASS = YES_ERROR;
				CLANG_WARN_QUOTED_INCLUDE_IN_FRAMEWORK_HEADER = YES;
				CLANG_WARN_RANGE_LOOP_ANALYSIS = YES;
				CLANG_WARN_STRICT_PROTOTYPES = YES;
				CLANG_WARN_SUSPICIOUS_MOVE = YES;
				CLANG_WARN_UNGUARDED_AVAILABILITY = YES_AGGRESSIVE;
				CLANG_WARN_UNREACHABLE_CODE = YES;
				CLANG_WARN__DUPLICATE_METHOD_MATCH = YES;
				COPY_PHASE_STRIP = NO;
				DEBUG_INFORMATION_FORMAT = dwarf;
				ENABLE_STRICT_OBJC_MSGSEND = YES;
				ENABLE_TESTABILITY = YES;
				GCC_C_LANGUAGE_STANDARD = gnu11;
				GCC_DYNAMIC_NO_PIC = NO;
				GCC_NO_COMMON_BLOCKS = YES;
				GCC_OPTIMIZATION_LEVEL = 0;
				GCC_PREPROCESSOR_DEFINITIONS = (
					"DEBUG=1",
					"$(inherited)",
				);
				GCC_WARN_64_TO_32_BIT_CONVERSION = YES;
				GCC_WARN_ABOUT_RETURN_TYPE = YES_ERROR;
				GCC_WARN_UNDECLARED_SELECTOR = YES;
				GCC_WARN_UNINITIALIZED_AUTOS = YES_AGGRESSIVE;
				GCC_WARN_UNUSED_FUNCTION = YES;
				GCC_WARN_UNUSED_VARIABLE = YES;
				IPHONEOS_DEPLOYMENT_TARGET = 16.4;
				MTL_ENABLE_DEBUG_INFO = INCLUDE_SOURCE;
				MTL_FAST_MATH = YES;
				ONLY_ACTIVE_ARCH = YES;
				SDKROOT = iphoneos;
				SWIFT_ACTIVE_COMPILATION_CONDITIONS = DEBUG;
				SWIFT_OPTIMIZATION_LEVEL = "-Onone";
			};
			name = Debug;
		};
		C408131F29DF5E9300FFFF0C /* Release */ = {
			isa = XCBuildConfiguration;
			buildSettings = {
				ALWAYS_SEARCH_USER_PATHS = NO;
				CLANG_ANALYZER_NONNULL = YES;
				CLANG_ANALYZER_NUMBER_OBJECT_CONVERSION = YES_AGGRESSIVE;
				CLANG_CXX_LANGUAGE_STANDARD = "gnu++20";
				CLANG_ENABLE_MODULES = YES;
				CLANG_ENABLE_OBJC_ARC = YES;
				CLANG_ENABLE_OBJC_WEAK = YES;
				CLANG_WARN_BLOCK_CAPTURE_AUTORELEASING = YES;
				CLANG_WARN_BOOL_CONVERSION = YES;
				CLANG_WARN_COMMA = YES;
				CLANG_WARN_CONSTANT_CONVERSION = YES;
				CLANG_WARN_DEPRECATED_OBJC_IMPLEMENTATIONS = YES;
				CLANG_WARN_DIRECT_OBJC_ISA_USAGE = YES_ERROR;
				CLANG_WARN_DOCUMENTATION_COMMENTS = YES;
				CLANG_WARN_EMPTY_BODY = YES;
				CLANG_WARN_ENUM_CONVERSION = YES;
				CLANG_WARN_INFINITE_RECURSION = YES;
				CLANG_WARN_INT_CONVERSION = YES;
				CLANG_WARN_NON_LITERAL_NULL_CONVERSION = YES;
				CLANG_WARN_OBJC_IMPLICIT_RETAIN_SELF = YES;
				CLANG_WARN_OBJC_LITERAL_CONVERSION = YES;
				CLANG_WARN_OBJC_ROOT_CLASS = YES_ERROR;
				CLANG_WARN_QUOTED_INCLUDE_IN_FRAMEWORK_HEADER = YES;
				CLANG_WARN_RANGE_LOOP_ANALYSIS = YES;
				CLANG_WARN_STRICT_PROTOTYPES = YES;
				CLANG_WARN_SUSPICIOUS_MOVE = YES;
				CLANG_WARN_UNGUARDED_AVAILABILITY = YES_AGGRESSIVE;
				CLANG_WARN_UNREACHABLE_CODE = YES;
				CLANG_WARN__DUPLICATE_METHOD_MATCH = YES;
				COPY_PHASE_STRIP = NO;
				DEBUG_INFORMATION_FORMAT = "dwarf-with-dsym";
				ENABLE_NS_ASSERTIONS = NO;
				ENABLE_STRICT_OBJC_MSGSEND = YES;
				GCC_C_LANGUAGE_STANDARD = gnu11;
				GCC_NO_COMMON_BLOCKS = YES;
				GCC_WARN_64_TO_32_BIT_CONVERSION = YES;
				GCC_WARN_ABOUT_RETURN_TYPE = YES_ERROR;
				GCC_WARN_UNDECLARED_SELECTOR = YES;
				GCC_WARN_UNINITIALIZED_AUTOS = YES_AGGRESSIVE;
				GCC_WARN_UNUSED_FUNCTION = YES;
				GCC_WARN_UNUSED_VARIABLE = YES;
				IPHONEOS_DEPLOYMENT_TARGET = 16.4;
				MTL_ENABLE_DEBUG_INFO = NO;
				MTL_FAST_MATH = YES;
				SDKROOT = iphoneos;
				SWIFT_COMPILATION_MODE = wholemodule;
				SWIFT_OPTIMIZATION_LEVEL = "-O";
				VALIDATE_PRODUCT = YES;
			};
			name = Release;
		};
		C408132129DF5E9300FFFF0C /* Debug */ = {
			isa = XCBuildConfiguration;
			buildSettings = {
				ASSETCATALOG_COMPILER_APPICON_NAME = AppIcon;
				ASSETCATALOG_COMPILER_GLOBAL_ACCENT_COLOR_NAME = AccentColor;
				CODE_SIGN_STYLE = Automatic;
				CURRENT_PROJECT_VERSION = 1;
				GENERATE_INFOPLIST_FILE = YES;
				INFOPLIST_FILE = TransicaoDeTexto/Info.plist;
				INFOPLIST_KEY_UIApplicationSupportsIndirectInputEvents = YES;
				INFOPLIST_KEY_UILaunchStoryboardName = LaunchScreen;
				INFOPLIST_KEY_UIMainStoryboardFile = Main;
				INFOPLIST_KEY_UISupportedInterfaceOrientations_iPad = "UIInterfaceOrientationPortrait UIInterfaceOrientationPortraitUpsideDown UIInterfaceOrientationLandscapeLeft UIInterfaceOrientationLandscapeRight";
				INFOPLIST_KEY_UISupportedInterfaceOrientations_iPhone = "UIInterfaceOrientationPortrait UIInterfaceOrientationLandscapeLeft UIInterfaceOrientationLandscapeRight";
				LD_RUNPATH_SEARCH_PATHS = (
					"$(inherited)",
					"@executable_path/Frameworks",
				);
				MARKETING_VERSION = 1.0;
				PRODUCT_BUNDLE_IDENTIFIER = Backfront.TransicaoDeTexto;
				PRODUCT_NAME = "$(TARGET_NAME)";
				SUPPORTED_PLATFORMS = "iphoneos iphonesimulator";
				SUPPORTS_MACCATALYST = NO;
				SUPPORTS_MAC_DESIGNED_FOR_IPHONE_IPAD = NO;
				SWIFT_EMIT_LOC_STRINGS = YES;
				SWIFT_VERSION = 5.0;
				TARGETED_DEVICE_FAMILY = 1;
			};
			name = Debug;
		};
		C408132229DF5E9300FFFF0C /* Release */ = {
			isa = XCBuildConfiguration;
			buildSettings = {
				ASSETCATALOG_COMPILER_APPICON_NAME = AppIcon;
				ASSETCATALOG_COMPILER_GLOBAL_ACCENT_COLOR_NAME = AccentColor;
				CODE_SIGN_STYLE = Automatic;
				CURRENT_PROJECT_VERSION = 1;
				GENERATE_INFOPLIST_FILE = YES;
				INFOPLIST_FILE = TransicaoDeTexto/Info.plist;
				INFOPLIST_KEY_UIApplicationSupportsIndirectInputEvents = YES;
				INFOPLIST_KEY_UILaunchStoryboardName = LaunchScreen;
				INFOPLIST_KEY_UIMainStoryboardFile = Main;
				INFOPLIST_KEY_UISupportedInterfaceOrientations_iPad = "UIInterfaceOrientationPortrait UIInterfaceOrientationPortraitUpsideDown UIInterfaceOrientationLandscapeLeft UIInterfaceOrientationLandscapeRight";
				INFOPLIST_KEY_UISupportedInterfaceOrientations_iPhone = "UIInterfaceOrientationPortrait UIInterfaceOrientationLandscapeLeft UIInterfaceOrientationLandscapeRight";
				LD_RUNPATH_SEARCH_PATHS = (
					"$(inherited)",
					"@executable_path/Frameworks",
				);
				MARKETING_VERSION = 1.0;
				PRODUCT_BUNDLE_IDENTIFIER = Backfront.TransicaoDeTexto;
				PRODUCT_NAME = "$(TARGET_NAME)";
				SUPPORTED_PLATFORMS = "iphoneos iphonesimulator";
				SUPPORTS_MACCATALYST = NO;
				SUPPORTS_MAC_DESIGNED_FOR_IPHONE_IPAD = NO;
				SWIFT_EMIT_LOC_STRINGS = YES;
				SWIFT_VERSION = 5.0;
				TARGETED_DEVICE_FAMILY = 1;
			};
			name = Release;
		};
/* End XCBuildConfiguration section */

/* Begin XCConfigurationList section */
		C408130729DF5E9100FFFF0C /* Build configuration list for PBXProject "TransicaoDeTexto" */ = {
			isa = XCConfigurationList;
			buildConfigurations = (
				C408131E29DF5E9300FFFF0C /* Debug */,
				C408131F29DF5E9300FFFF0C /* Release */,
			);
			defaultConfigurationIsVisible = 0;
			defaultConfigurationName = Release;
		};
		C408132029DF5E9300FFFF0C /* Build configuration list for PBXNativeTarget "TransicaoDeTexto" */ = {
			isa = XCConfigurationList;
			buildConfigurations = (
				C408132129DF5E9300FFFF0C /* Debug */,
				C408132229DF5E9300FFFF0C /* Release */,
			);
			defaultConfigurationIsVisible = 0;
			defaultConfigurationName = Release;
		};
/* End XCConfigurationList section */
	};
	rootObject = C408130429DF5E9100FFFF0C /* Project object */;
}
