// !$*UTF8*$!
{
	archiveVersion = 1;
	classes = {
	};
	objectVersion = 56;
	objects = {

/* Begin PBXBuildFile section */
		C444A4C82A0A70C90075F4EB /* AppDelegate.swift in Sources */ = {isa = PBXBuildFile; fileRef = C444A4C72A0A70C90075F4EB /* AppDelegate.swift */; };
		C444A4CA2A0A70C90075F4EB /* SceneDelegate.swift in Sources */ = {isa = PBXBuildFile; fileRef = C444A4C92A0A70C90075F4EB /* SceneDelegate.swift */; };
		C444A4CC2A0A70C90075F4EB /* ViewController.swift in Sources */ = {isa = PBXBuildFile; fileRef = C444A4CB2A0A70C90075F4EB /* ViewController.swift */; };
		C444A4CF2A0A70C90075F4EB /* Main.storyboard in Resources */ = {isa = PBXBuildFile; fileRef = C444A4CD2A0A70C90075F4EB /* Main.storyboard */; };
		C444A4D12A0A70CA0075F4EB /* Assets.xcassets in Resources */ = {isa = PBXBuildFile; fileRef = C444A4D02A0A70CA0075F4EB /* Assets.xcassets */; };
		C444A4D42A0A70CA0075F4EB /* LaunchScreen.storyboard in Resources */ = {isa = PBXBuildFile; fileRef = C444A4D22A0A70CA0075F4EB /* LaunchScreen.storyboard */; };
		C444A4DF2A0A718C0075F4EB /* Tela02ViewController.swift in Sources */ = {isa = PBXBuildFile; fileRef = C444A4DE2A0A718C0075F4EB /* Tela02ViewController.swift */; };
		C444A4E12A0A71A40075F4EB /* Tela02ViewController.storyboard in Resources */ = {isa = PBXBuildFile; fileRef = C444A4E02A0A71A40075F4EB /* Tela02ViewController.storyboard */; };
		C4DB43242A0A76F400F49417 /* Tela01ViewController.storyboard in Resources */ = {isa = PBXBuildFile; fileRef = C4DB43232A0A76F400F49417 /* Tela01ViewController.storyboard */; };
		C4DB43262A0A770C00F49417 /* Tela01ViewController.swift in Sources */ = {isa = PBXBuildFile; fileRef = C4DB43252A0A770C00F49417 /* Tela01ViewController.swift */; };
		C4DB432B2A0A79C600F49417 /* CellOfTela02.swift in Sources */ = {isa = PBXBuildFile; fileRef = C4DB43292A0A79C600F49417 /* CellOfTela02.swift */; };
		C4DB432C2A0A79C600F49417 /* CellOfTela02.xib in Resources */ = {isa = PBXBuildFile; fileRef = C4DB432A2A0A79C600F49417 /* CellOfTela02.xib */; };
		C4DB43302A0A7C8200F49417 /* Tela02Model.swift in Sources */ = {isa = PBXBuildFile; fileRef = C4DB432F2A0A7C8200F49417 /* Tela02Model.swift */; };
/* End PBXBuildFile section */

/* Begin PBXFileReference section */
		C444A4C42A0A70C90075F4EB /* desafioNotificationCenter.app */ = {isa = PBXFileReference; explicitFileType = wrapper.application; includeInIndex = 0; path = desafioNotificationCenter.app; sourceTree = BUILT_PRODUCTS_DIR; };
		C444A4C72A0A70C90075F4EB /* AppDelegate.swift */ = {isa = PBXFileReference; lastKnownFileType = sourcecode.swift; path = AppDelegate.swift; sourceTree = "<group>"; };
		C444A4C92A0A70C90075F4EB /* SceneDelegate.swift */ = {isa = PBXFileReference; lastKnownFileType = sourcecode.swift; path = SceneDelegate.swift; sourceTree = "<group>"; };
		C444A4CB2A0A70C90075F4EB /* ViewController.swift */ = {isa = PBXFileReference; lastKnownFileType = sourcecode.swift; path = ViewController.swift; sourceTree = "<group>"; };
		C444A4CE2A0A70C90075F4EB /* Base */ = {isa = PBXFileReference; lastKnownFileType = file.storyboard; name = Base; path = Base.lproj/Main.storyboard; sourceTree = "<group>"; };
		C444A4D02A0A70CA0075F4EB /* Assets.xcassets */ = {isa = PBXFileReference; lastKnownFileType = folder.assetcatalog; path = Assets.xcassets; sourceTree = "<group>"; };
		C444A4D32A0A70CA0075F4EB /* Base */ = {isa = PBXFileReference; lastKnownFileType = file.storyboard; name = Base; path = Base.lproj/LaunchScreen.storyboard; sourceTree = "<group>"; };
		C444A4D52A0A70CA0075F4EB /* Info.plist */ = {isa = PBXFileReference; lastKnownFileType = text.plist.xml; path = Info.plist; sourceTree = "<group>"; };
		C444A4DE2A0A718C0075F4EB /* Tela02ViewController.swift */ = {isa = PBXFileReference; lastKnownFileType = sourcecode.swift; path = Tela02ViewController.swift; sourceTree = "<group>"; };
		C444A4E02A0A71A40075F4EB /* Tela02ViewController.storyboard */ = {isa = PBXFileReference; lastKnownFileType = file.storyboard; path = Tela02ViewController.storyboard; sourceTree = "<group>"; };
		C4DB43232A0A76F400F49417 /* Tela01ViewController.storyboard */ = {isa = PBXFileReference; lastKnownFileType = file.storyboard; path = Tela01ViewController.storyboard; sourceTree = "<group>"; };
		C4DB43252A0A770C00F49417 /* Tela01ViewController.swift */ = {isa = PBXFileReference; lastKnownFileType = sourcecode.swift; path = Tela01ViewController.swift; sourceTree = "<group>"; };
		C4DB43292A0A79C600F49417 /* CellOfTela02.swift */ = {isa = PBXFileReference; lastKnownFileType = sourcecode.swift; path = CellOfTela02.swift; sourceTree = "<group>"; };
		C4DB432A2A0A79C600F49417 /* CellOfTela02.xib */ = {isa = PBXFileReference; lastKnownFileType = file.xib; path = CellOfTela02.xib; sourceTree = "<group>"; };
		C4DB432F2A0A7C8200F49417 /* Tela02Model.swift */ = {isa = PBXFileReference; lastKnownFileType = sourcecode.swift; path = Tela02Model.swift; sourceTree = "<group>"; };
/* End PBXFileReference section */

/* Begin PBXFrameworksBuildPhase section */
		C444A4C12A0A70C90075F4EB /* Frameworks */ = {
			isa = PBXFrameworksBuildPhase;
			buildActionMask = 2147483647;
			files = (
			);
			runOnlyForDeploymentPostprocessing = 0;
		};
/* End PBXFrameworksBuildPhase section */

/* Begin PBXGroup section */
		C444A4BB2A0A70C80075F4EB = {
			isa = PBXGroup;
			children = (
				C444A4C62A0A70C90075F4EB /* desafioNotificationCenter */,
				C444A4C52A0A70C90075F4EB /* Products */,
			);
			sourceTree = "<group>";
		};
		C444A4C52A0A70C90075F4EB /* Products */ = {
			isa = PBXGroup;
			children = (
				C444A4C42A0A70C90075F4EB /* desafioNotificationCenter.app */,
			);
			name = Products;
			sourceTree = "<group>";
		};
		C444A4C62A0A70C90075F4EB /* desafioNotificationCenter */ = {
			isa = PBXGroup;
			children = (
				C4DB432E2A0A7C6D00F49417 /* Model */,
				C4DB43282A0A79A800F49417 /* Cell */,
				C4DB43272A0A770F00F49417 /* Tela01 */,
				C444A4DD2A0A71600075F4EB /* Tela02 */,
				C444A4DC2A0A71300075F4EB /* TabBar */,
				C444A4DB2A0A71200075F4EB /* Resources */,
				C444A4D52A0A70CA0075F4EB /* Info.plist */,
			);
			path = desafioNotificationCenter;
			sourceTree = "<group>";
		};
		C444A4DB2A0A71200075F4EB /* Resources */ = {
			isa = PBXGroup;
			children = (
				C444A4C72A0A70C90075F4EB /* AppDelegate.swift */,
				C444A4C92A0A70C90075F4EB /* SceneDelegate.swift */,
				C444A4D02A0A70CA0075F4EB /* Assets.xcassets */,
				C444A4D22A0A70CA0075F4EB /* LaunchScreen.storyboard */,
			);
			path = Resources;
			sourceTree = "<group>";
		};
		C444A4DC2A0A71300075F4EB /* TabBar */ = {
			isa = PBXGroup;
			children = (
				C444A4CD2A0A70C90075F4EB /* Main.storyboard */,
				C444A4CB2A0A70C90075F4EB /* ViewController.swift */,
			);
			path = TabBar;
			sourceTree = "<group>";
		};
		C444A4DD2A0A71600075F4EB /* Tela02 */ = {
			isa = PBXGroup;
			children = (
				C444A4E02A0A71A40075F4EB /* Tela02ViewController.storyboard */,
				C444A4DE2A0A718C0075F4EB /* Tela02ViewController.swift */,
			);
			path = Tela02;
			sourceTree = "<group>";
		};
		C4DB43272A0A770F00F49417 /* Tela01 */ = {
			isa = PBXGroup;
			children = (
				C4DB43232A0A76F400F49417 /* Tela01ViewController.storyboard */,
				C4DB43252A0A770C00F49417 /* Tela01ViewController.swift */,
			);
			path = Tela01;
			sourceTree = "<group>";
		};
		C4DB43282A0A79A800F49417 /* Cell */ = {
			isa = PBXGroup;
			children = (
				C4DB432A2A0A79C600F49417 /* CellOfTela02.xib */,
				C4DB43292A0A79C600F49417 /* CellOfTela02.swift */,
			);
			path = Cell;
			sourceTree = "<group>";
		};
		C4DB432E2A0A7C6D00F49417 /* Model */ = {
			isa = PBXGroup;
			children = (
				C4DB432F2A0A7C8200F49417 /* Tela02Model.swift */,
			);
			path = Model;
			sourceTree = "<group>";
		};
/* End PBXGroup section */

/* Begin PBXNativeTarget section */
		C444A4C32A0A70C90075F4EB /* desafioNotificationCenter */ = {
			isa = PBXNativeTarget;
			buildConfigurationList = C444A4D82A0A70CA0075F4EB /* Build configuration list for PBXNativeTarget "desafioNotificationCenter" */;
			buildPhases = (
				C444A4C02A0A70C90075F4EB /* Sources */,
				C444A4C12A0A70C90075F4EB /* Frameworks */,
				C444A4C22A0A70C90075F4EB /* Resources */,
			);
			buildRules = (
			);
			dependencies = (
			);
			name = desafioNotificationCenter;
			productName = desafioNotificationCenter;
			productReference = C444A4C42A0A70C90075F4EB /* desafioNotificationCenter.app */;
			productType = "com.apple.product-type.application";
		};
/* End PBXNativeTarget section */

/* Begin PBXProject section */
		C444A4BC2A0A70C90075F4EB /* Project object */ = {
			isa = PBXProject;
			attributes = {
				BuildIndependentTargetsInParallel = 1;
				LastSwiftUpdateCheck = 1430;
				LastUpgradeCheck = 1430;
				TargetAttributes = {
					C444A4C32A0A70C90075F4EB = {
						CreatedOnToolsVersion = 14.3;
					};
				};
			};
			buildConfigurationList = C444A4BF2A0A70C90075F4EB /* Build configuration list for PBXProject "desafioNotificationCenter" */;
			compatibilityVersion = "Xcode 14.0";
			developmentRegion = en;
			hasScannedForEncodings = 0;
			knownRegions = (
				en,
				Base,
			);
			mainGroup = C444A4BB2A0A70C80075F4EB;
			productRefGroup = C444A4C52A0A70C90075F4EB /* Products */;
			projectDirPath = "";
			projectRoot = "";
			targets = (
				C444A4C32A0A70C90075F4EB /* desafioNotificationCenter */,
			);
		};
/* End PBXProject section */

/* Begin PBXResourcesBuildPhase section */
		C444A4C22A0A70C90075F4EB /* Resources */ = {
			isa = PBXResourcesBuildPhase;
			buildActionMask = 2147483647;
			files = (
				C444A4D42A0A70CA0075F4EB /* LaunchScreen.storyboard in Resources */,
				C4DB432C2A0A79C600F49417 /* CellOfTela02.xib in Resources */,
				C444A4E12A0A71A40075F4EB /* Tela02ViewController.storyboard in Resources */,
				C4DB43242A0A76F400F49417 /* Tela01ViewController.storyboard in Resources */,
				C444A4D12A0A70CA0075F4EB /* Assets.xcassets in Resources */,
				C444A4CF2A0A70C90075F4EB /* Main.storyboard in Resources */,
			);
			runOnlyForDeploymentPostprocessing = 0;
		};
/* End PBXResourcesBuildPhase section */

/* Begin PBXSourcesBuildPhase section */
		C444A4C02A0A70C90075F4EB /* Sources */ = {
			isa = PBXSourcesBuildPhase;
			buildActionMask = 2147483647;
			files = (
				C444A4DF2A0A718C0075F4EB /* Tela02ViewController.swift in Sources */,
				C444A4CC2A0A70C90075F4EB /* ViewController.swift in Sources */,
				C444A4C82A0A70C90075F4EB /* AppDelegate.swift in Sources */,
				C4DB432B2A0A79C600F49417 /* CellOfTela02.swift in Sources */,
				C4DB43302A0A7C8200F49417 /* Tela02Model.swift in Sources */,
				C444A4CA2A0A70C90075F4EB /* SceneDelegate.swift in Sources */,
				C4DB43262A0A770C00F49417 /* Tela01ViewController.swift in Sources */,
			);
			runOnlyForDeploymentPostprocessing = 0;
		};
/* End PBXSourcesBuildPhase section */

/* Begin PBXVariantGroup section */
		C444A4CD2A0A70C90075F4EB /* Main.storyboard */ = {
			isa = PBXVariantGroup;
			children = (
				C444A4CE2A0A70C90075F4EB /* Base */,
			);
			name = Main.storyboard;
			sourceTree = "<group>";
		};
		C444A4D22A0A70CA0075F4EB /* LaunchScreen.storyboard */ = {
			isa = PBXVariantGroup;
			children = (
				C444A4D32A0A70CA0075F4EB /* Base */,
			);
			name = LaunchScreen.storyboard;
			sourceTree = "<group>";
		};
/* End PBXVariantGroup section */

/* Begin XCBuildConfiguration section */
		C444A4D62A0A70CA0075F4EB /* Debug */ = {
			isa = XCBuildConfiguration;
			buildSettings = {
				ALWAYS_SEARCH_USER_PATHS = NO;
				CLANG_ANALYZER_NONNULL = YES;
				CLANG_ANALYZER_NUMBER_OBJECT_CONVERSION = YES_AGGRESSIVE;
				CLANG_CXX_LANGUAGE_STANDARD = "gnu++20";
				CLANG_ENABLE_MODULES = YES;
				CLANG_ENABLE_OBJC_ARC = YES;
				CLANG_ENABLE_OBJC_WEAK = YES;
				CLANG_WARN_BLOCK_CAPTURE_AUTORELEASING = YES;
				CLANG_WARN_BOOL_CONVERSION = YES;
				CLANG_WARN_COMMA = YES;
				CLANG_WARN_CONSTANT_CONVERSION = YES;
				CLANG_WARN_DEPRECATED_OBJC_IMPLEMENTATIONS = YES;
				CLANG_WARN_DIRECT_OBJC_ISA_USAGE = YES_ERROR;
				CLANG_WARN_DOCUMENTATION_COMMENTS = YES;
				CLANG_WARN_EMPTY_BODY = YES;
				CLANG_WARN_ENUM_CONVERSION = YES;
				CLANG_WARN_INFINITE_RECURSION = YES;
				CLANG_WARN_INT_CONVERSION = YES;
				CLANG_WARN_NON_LITERAL_NULL_CONVERSION = YES;
				CLANG_WARN_OBJC_IMPLICIT_RETAIN_SELF = YES;
				CLANG_WARN_OBJC_LITERAL_CONVERSION = YES;
				CLANG_WARN_OBJC_ROOT_CLASS = YES_ERROR;
				CLANG_WARN_QUOTED_INCLUDE_IN_FRAMEWORK_HEADER = YES;
				CLANG_WARN_RANGE_LOOP_ANALYSIS = YES;
				CLANG_WARN_STRICT_PROTOTYPES = YES;
				CLANG_WARN_SUSPICIOUS_MOVE = YES;
				CLANG_WARN_UNGUARDED_AVAILABILITY = YES_AGGRESSIVE;
				CLANG_WARN_UNREACHABLE_CODE = YES;
				CLANG_WARN__DUPLICATE_METHOD_MATCH = YES;
				COPY_PHASE_STRIP = NO;
				DEBUG_INFORMATION_FORMAT = dwarf;
				ENABLE_STRICT_OBJC_MSGSEND = YES;
				ENABLE_TESTABILITY = YES;
				GCC_C_LANGUAGE_STANDARD = gnu11;
				GCC_DYNAMIC_NO_PIC = NO;
				GCC_NO_COMMON_BLOCKS = YES;
				GCC_OPTIMIZATION_LEVEL = 0;
				GCC_PREPROCESSOR_DEFINITIONS = (
					"DEBUG=1",
					"$(inherited)",
				);
				GCC_WARN_64_TO_32_BIT_CONVERSION = YES;
				GCC_WARN_ABOUT_RETURN_TYPE = YES_ERROR;
				GCC_WARN_UNDECLARED_SELECTOR = YES;
				GCC_WARN_UNINITIALIZED_AUTOS = YES_AGGRESSIVE;
				GCC_WARN_UNUSED_FUNCTION = YES;
				GCC_WARN_UNUSED_VARIABLE = YES;
				IPHONEOS_DEPLOYMENT_TARGET = 16.4;
				MTL_ENABLE_DEBUG_INFO = INCLUDE_SOURCE;
				MTL_FAST_MATH = YES;
				ONLY_ACTIVE_ARCH = YES;
				SDKROOT = iphoneos;
				SWIFT_ACTIVE_COMPILATION_CONDITIONS = DEBUG;
				SWIFT_OPTIMIZATION_LEVEL = "-Onone";
			};
			name = Debug;
		};
		C444A4D72A0A70CA0075F4EB /* Release */ = {
			isa = XCBuildConfiguration;
			buildSettings = {
				ALWAYS_SEARCH_USER_PATHS = NO;
				CLANG_ANALYZER_NONNULL = YES;
				CLANG_ANALYZER_NUMBER_OBJECT_CONVERSION = YES_AGGRESSIVE;
				CLANG_CXX_LANGUAGE_STANDARD = "gnu++20";
				CLANG_ENABLE_MODULES = YES;
				CLANG_ENABLE_OBJC_ARC = YES;
				CLANG_ENABLE_OBJC_WEAK = YES;
				CLANG_WARN_BLOCK_CAPTURE_AUTORELEASING = YES;
				CLANG_WARN_BOOL_CONVERSION = YES;
				CLANG_WARN_COMMA = YES;
				CLANG_WARN_CONSTANT_CONVERSION = YES;
				CLANG_WARN_DEPRECATED_OBJC_IMPLEMENTATIONS = YES;
				CLANG_WARN_DIRECT_OBJC_ISA_USAGE = YES_ERROR;
				CLANG_WARN_DOCUMENTATION_COMMENTS = YES;
				CLANG_WARN_EMPTY_BODY = YES;
				CLANG_WARN_ENUM_CONVERSION = YES;
				CLANG_WARN_INFINITE_RECURSION = YES;
				CLANG_WARN_INT_CONVERSION = YES;
				CLANG_WARN_NON_LITERAL_NULL_CONVERSION = YES;
				CLANG_WARN_OBJC_IMPLICIT_RETAIN_SELF = YES;
				CLANG_WARN_OBJC_LITERAL_CONVERSION = YES;
				CLANG_WARN_OBJC_ROOT_CLASS = YES_ERROR;
				CLANG_WARN_QUOTED_INCLUDE_IN_FRAMEWORK_HEADER = YES;
				CLANG_WARN_RANGE_LOOP_ANALYSIS = YES;
				CLANG_WARN_STRICT_PROTOTYPES = YES;
				CLANG_WARN_SUSPICIOUS_MOVE = YES;
				CLANG_WARN_UNGUARDED_AVAILABILITY = YES_AGGRESSIVE;
				CLANG_WARN_UNREACHABLE_CODE = YES;
				CLANG_WARN__DUPLICATE_METHOD_MATCH = YES;
				COPY_PHASE_STRIP = NO;
				DEBUG_INFORMATION_FORMAT = "dwarf-with-dsym";
				ENABLE_NS_ASSERTIONS = NO;
				ENABLE_STRICT_OBJC_MSGSEND = YES;
				GCC_C_LANGUAGE_STANDARD = gnu11;
				GCC_NO_COMMON_BLOCKS = YES;
				GCC_WARN_64_TO_32_BIT_CONVERSION = YES;
				GCC_WARN_ABOUT_RETURN_TYPE = YES_ERROR;
				GCC_WARN_UNDECLARED_SELECTOR = YES;
				GCC_WARN_UNINITIALIZED_AUTOS = YES_AGGRESSIVE;
				GCC_WARN_UNUSED_FUNCTION = YES;
				GCC_WARN_UNUSED_VARIABLE = YES;
				IPHONEOS_DEPLOYMENT_TARGET = 16.4;
				MTL_ENABLE_DEBUG_INFO = NO;
				MTL_FAST_MATH = YES;
				SDKROOT = iphoneos;
				SWIFT_COMPILATION_MODE = wholemodule;
				SWIFT_OPTIMIZATION_LEVEL = "-O";
				VALIDATE_PRODUCT = YES;
			};
			name = Release;
		};
		C444A4D92A0A70CA0075F4EB /* Debug */ = {
			isa = XCBuildConfiguration;
			buildSettings = {
				ASSETCATALOG_COMPILER_APPICON_NAME = AppIcon;
				ASSETCATALOG_COMPILER_GLOBAL_ACCENT_COLOR_NAME = AccentColor;
				CODE_SIGN_STYLE = Automatic;
				CURRENT_PROJECT_VERSION = 1;
				GENERATE_INFOPLIST_FILE = YES;
				INFOPLIST_FILE = desafioNotificationCenter/Info.plist;
				INFOPLIST_KEY_UIApplicationSupportsIndirectInputEvents = YES;
				INFOPLIST_KEY_UILaunchStoryboardName = LaunchScreen;
				INFOPLIST_KEY_UIMainStoryboardFile = Main;
				INFOPLIST_KEY_UISupportedInterfaceOrientations_iPad = "UIInterfaceOrientationPortrait UIInterfaceOrientationPortraitUpsideDown UIInterfaceOrientationLandscapeLeft UIInterfaceOrientationLandscapeRight";
				INFOPLIST_KEY_UISupportedInterfaceOrientations_iPhone = "UIInterfaceOrientationPortrait UIInterfaceOrientationLandscapeLeft UIInterfaceOrientationLandscapeRight";
				LD_RUNPATH_SEARCH_PATHS = (
					"$(inherited)",
					"@executable_path/Frameworks",
				);
				MARKETING_VERSION = 1.0;
				PRODUCT_BUNDLE_IDENTIFIER = Backfront.desafioNotificationCenter;
				PRODUCT_NAME = "$(TARGET_NAME)";
				SUPPORTED_PLATFORMS = "iphoneos iphonesimulator";
				SUPPORTS_MACCATALYST = NO;
				SUPPORTS_MAC_DESIGNED_FOR_IPHONE_IPAD = NO;
				SWIFT_EMIT_LOC_STRINGS = YES;
				SWIFT_VERSION = 5.0;
				TARGETED_DEVICE_FAMILY = 1;
			};
			name = Debug;
		};
		C444A4DA2A0A70CA0075F4EB /* Release */ = {
			isa = XCBuildConfiguration;
			buildSettings = {
				ASSETCATALOG_COMPILER_APPICON_NAME = AppIcon;
				ASSETCATALOG_COMPILER_GLOBAL_ACCENT_COLOR_NAME = AccentColor;
				CODE_SIGN_STYLE = Automatic;
				CURRENT_PROJECT_VERSION = 1;
				GENERATE_INFOPLIST_FILE = YES;
				INFOPLIST_FILE = desafioNotificationCenter/Info.plist;
				INFOPLIST_KEY_UIApplicationSupportsIndirectInputEvents = YES;
				INFOPLIST_KEY_UILaunchStoryboardName = LaunchScreen;
				INFOPLIST_KEY_UIMainStoryboardFile = Main;
				INFOPLIST_KEY_UISupportedInterfaceOrientations_iPad = "UIInterfaceOrientationPortrait UIInterfaceOrientationPortraitUpsideDown UIInterfaceOrientationLandscapeLeft UIInterfaceOrientationLandscapeRight";
				INFOPLIST_KEY_UISupportedInterfaceOrientations_iPhone = "UIInterfaceOrientationPortrait UIInterfaceOrientationLandscapeLeft UIInterfaceOrientationLandscapeRight";
				LD_RUNPATH_SEARCH_PATHS = (
					"$(inherited)",
					"@executable_path/Frameworks",
				);
				MARKETING_VERSION = 1.0;
				PRODUCT_BUNDLE_IDENTIFIER = Backfront.desafioNotificationCenter;
				PRODUCT_NAME = "$(TARGET_NAME)";
				SUPPORTED_PLATFORMS = "iphoneos iphonesimulator";
				SUPPORTS_MACCATALYST = NO;
				SUPPORTS_MAC_DESIGNED_FOR_IPHONE_IPAD = NO;
				SWIFT_EMIT_LOC_STRINGS = YES;
				SWIFT_VERSION = 5.0;
				TARGETED_DEVICE_FAMILY = 1;
			};
			name = Release;
		};
/* End XCBuildConfiguration section */

/* Begin XCConfigurationList section */
		C444A4BF2A0A70C90075F4EB /* Build configuration list for PBXProject "desafioNotificationCenter" */ = {
			isa = XCConfigurationList;
			buildConfigurations = (
				C444A4D62A0A70CA0075F4EB /* Debug */,
				C444A4D72A0A70CA0075F4EB /* Release */,
			);
			defaultConfigurationIsVisible = 0;
			defaultConfigurationName = Release;
		};
		C444A4D82A0A70CA0075F4EB /* Build configuration list for PBXNativeTarget "desafioNotificationCenter" */ = {
			isa = XCConfigurationList;
			buildConfigurations = (
				C444A4D92A0A70CA0075F4EB /* Debug */,
				C444A4DA2A0A70CA0075F4EB /* Release */,
			);
			defaultConfigurationIsVisible = 0;
			defaultConfigurationName = Release;
		};
/* End XCConfigurationList section */
	};
	rootObject = C444A4BC2A0A70C90075F4EB /* Project object */;
}
