// !$*UTF8*$!
{
	archiveVersion = 1;
	classes = {
	};
	objectVersion = 56;
	objects = {

/* Begin PBXBuildFile section */
		C42FA4942A046ACD00F13D41 /* AppDelegate.swift in Sources */ = {isa = PBXBuildFile; fileRef = C42FA4932A046ACD00F13D41 /* AppDelegate.swift */; };
		C42FA4962A046ACD00F13D41 /* SceneDelegate.swift in Sources */ = {isa = PBXBuildFile; fileRef = C42FA4952A046ACD00F13D41 /* SceneDelegate.swift */; };
		C42FA4982A046ACD00F13D41 /* ViewController.swift in Sources */ = {isa = PBXBuildFile; fileRef = C42FA4972A046ACD00F13D41 /* ViewController.swift */; };
		C42FA49B2A046ACD00F13D41 /* Main.storyboard in Resources */ = {isa = PBXBuildFile; fileRef = C42FA4992A046ACD00F13D41 /* Main.storyboard */; };
		C42FA4A02A046ACF00F13D41 /* LaunchScreen.storyboard in Resources */ = {isa = PBXBuildFile; fileRef = C42FA49E2A046ACF00F13D41 /* LaunchScreen.storyboard */; };
		C42FA4AB2A046C6000F13D41 /* Tela02.storyboard in Resources */ = {isa = PBXBuildFile; fileRef = C42FA4AA2A046C6000F13D41 /* Tela02.storyboard */; };
		C42FA4AD2A046C7300F13D41 /* Tela02.swift in Sources */ = {isa = PBXBuildFile; fileRef = C42FA4AC2A046C7300F13D41 /* Tela02.swift */; };
		C46F7D682A0472DC0094CA24 /* assets.xcassets in Resources */ = {isa = PBXBuildFile; fileRef = C46F7D672A0472DC0094CA24 /* assets.xcassets */; };
		C46F7D6B2A048F5E0094CA24 /* NSNotificationName+Extension.swift in Sources */ = {isa = PBXBuildFile; fileRef = C46F7D6A2A048F5E0094CA24 /* NSNotificationName+Extension.swift */; };
/* End PBXBuildFile section */

/* Begin PBXFileReference section */
		C42FA4902A046ACD00F13D41 /* notificationCenterEProtocol.app */ = {isa = PBXFileReference; explicitFileType = wrapper.application; includeInIndex = 0; path = notificationCenterEProtocol.app; sourceTree = BUILT_PRODUCTS_DIR; };
		C42FA4932A046ACD00F13D41 /* AppDelegate.swift */ = {isa = PBXFileReference; lastKnownFileType = sourcecode.swift; path = AppDelegate.swift; sourceTree = "<group>"; };
		C42FA4952A046ACD00F13D41 /* SceneDelegate.swift */ = {isa = PBXFileReference; lastKnownFileType = sourcecode.swift; path = SceneDelegate.swift; sourceTree = "<group>"; };
		C42FA4972A046ACD00F13D41 /* ViewController.swift */ = {isa = PBXFileReference; lastKnownFileType = sourcecode.swift; path = ViewController.swift; sourceTree = "<group>"; };
		C42FA49A2A046ACD00F13D41 /* Base */ = {isa = PBXFileReference; lastKnownFileType = file.storyboard; name = Base; path = Base.lproj/Main.storyboard; sourceTree = "<group>"; };
		C42FA49F2A046ACF00F13D41 /* Base */ = {isa = PBXFileReference; lastKnownFileType = file.storyboard; name = Base; path = Base.lproj/LaunchScreen.storyboard; sourceTree = "<group>"; };
		C42FA4A12A046ACF00F13D41 /* Info.plist */ = {isa = PBXFileReference; lastKnownFileType = text.plist.xml; path = Info.plist; sourceTree = "<group>"; };
		C42FA4AA2A046C6000F13D41 /* Tela02.storyboard */ = {isa = PBXFileReference; lastKnownFileType = file.storyboard; path = Tela02.storyboard; sourceTree = "<group>"; };
		C42FA4AC2A046C7300F13D41 /* Tela02.swift */ = {isa = PBXFileReference; lastKnownFileType = sourcecode.swift; path = Tela02.swift; sourceTree = "<group>"; };
		C46F7D672A0472DC0094CA24 /* assets.xcassets */ = {isa = PBXFileReference; lastKnownFileType = folder.assetcatalog; path = assets.xcassets; sourceTree = "<group>"; };
		C46F7D6A2A048F5E0094CA24 /* NSNotificationName+Extension.swift */ = {isa = PBXFileReference; lastKnownFileType = sourcecode.swift; path = "NSNotificationName+Extension.swift"; sourceTree = "<group>"; };
/* End PBXFileReference section */

/* Begin PBXFrameworksBuildPhase section */
		C42FA48D2A046ACD00F13D41 /* Frameworks */ = {
			isa = PBXFrameworksBuildPhase;
			buildActionMask = 2147483647;
			files = (
			);
			runOnlyForDeploymentPostprocessing = 0;
		};
/* End PBXFrameworksBuildPhase section */

/* Begin PBXGroup section */
		C42FA4872A046ACD00F13D41 = {
			isa = PBXGroup;
			children = (
				C42FA4922A046ACD00F13D41 /* notificationCenterEProtocol */,
				C42FA4912A046ACD00F13D41 /* Products */,
			);
			sourceTree = "<group>";
		};
		C42FA4912A046ACD00F13D41 /* Products */ = {
			isa = PBXGroup;
			children = (
				C42FA4902A046ACD00F13D41 /* notificationCenterEProtocol.app */,
			);
			name = Products;
			sourceTree = "<group>";
		};
		C42FA4922A046ACD00F13D41 /* notificationCenterEProtocol */ = {
			isa = PBXGroup;
			children = (
				C46F7D692A048EFA0094CA24 /* Extensions */,
				C42FA4A92A046C5500F13D41 /* Tela02 */,
				C42FA4A82A046C4D00F13D41 /* Tela01 */,
				C42FA4A72A046C3D00F13D41 /* Resources */,
				C42FA4A12A046ACF00F13D41 /* Info.plist */,
				C46F7D672A0472DC0094CA24 /* assets.xcassets */,
			);
			path = notificationCenterEProtocol;
			sourceTree = "<group>";
		};
		C42FA4A72A046C3D00F13D41 /* Resources */ = {
			isa = PBXGroup;
			children = (
				C42FA49E2A046ACF00F13D41 /* LaunchScreen.storyboard */,
				C42FA4932A046ACD00F13D41 /* AppDelegate.swift */,
				C42FA4952A046ACD00F13D41 /* SceneDelegate.swift */,
			);
			path = Resources;
			sourceTree = "<group>";
		};
		C42FA4A82A046C4D00F13D41 /* Tela01 */ = {
			isa = PBXGroup;
			children = (
				C42FA4992A046ACD00F13D41 /* Main.storyboard */,
				C42FA4972A046ACD00F13D41 /* ViewController.swift */,
			);
			path = Tela01;
			sourceTree = "<group>";
		};
		C42FA4A92A046C5500F13D41 /* Tela02 */ = {
			isa = PBXGroup;
			children = (
				C42FA4AA2A046C6000F13D41 /* Tela02.storyboard */,
				C42FA4AC2A046C7300F13D41 /* Tela02.swift */,
			);
			path = Tela02;
			sourceTree = "<group>";
		};
		C46F7D692A048EFA0094CA24 /* Extensions */ = {
			isa = PBXGroup;
			children = (
				C46F7D6A2A048F5E0094CA24 /* NSNotificationName+Extension.swift */,
			);
			path = Extensions;
			sourceTree = "<group>";
		};
/* End PBXGroup section */

/* Begin PBXNativeTarget section */
		C42FA48F2A046ACD00F13D41 /* notificationCenterEProtocol */ = {
			isa = PBXNativeTarget;
			buildConfigurationList = C42FA4A42A046ACF00F13D41 /* Build configuration list for PBXNativeTarget "notificationCenterEProtocol" */;
			buildPhases = (
				C42FA48C2A046ACD00F13D41 /* Sources */,
				C42FA48D2A046ACD00F13D41 /* Frameworks */,
				C42FA48E2A046ACD00F13D41 /* Resources */,
			);
			buildRules = (
			);
			dependencies = (
			);
			name = notificationCenterEProtocol;
			productName = notificationCenterEProtocol;
			productReference = C42FA4902A046ACD00F13D41 /* notificationCenterEProtocol.app */;
			productType = "com.apple.product-type.application";
		};
/* End PBXNativeTarget section */

/* Begin PBXProject section */
		C42FA4882A046ACD00F13D41 /* Project object */ = {
			isa = PBXProject;
			attributes = {
				BuildIndependentTargetsInParallel = 1;
				LastSwiftUpdateCheck = 1430;
				LastUpgradeCheck = 1430;
				TargetAttributes = {
					C42FA48F2A046ACD00F13D41 = {
						CreatedOnToolsVersion = 14.3;
					};
				};
			};
			buildConfigurationList = C42FA48B2A046ACD00F13D41 /* Build configuration list for PBXProject "notificationCenterEProtocol" */;
			compatibilityVersion = "Xcode 14.0";
			developmentRegion = en;
			hasScannedForEncodings = 0;
			knownRegions = (
				en,
				Base,
			);
			mainGroup = C42FA4872A046ACD00F13D41;
			productRefGroup = C42FA4912A046ACD00F13D41 /* Products */;
			projectDirPath = "";
			projectRoot = "";
			targets = (
				C42FA48F2A046ACD00F13D41 /* notificationCenterEProtocol */,
			);
		};
/* End PBXProject section */

/* Begin PBXResourcesBuildPhase section */
		C42FA48E2A046ACD00F13D41 /* Resources */ = {
			isa = PBXResourcesBuildPhase;
			buildActionMask = 2147483647;
			files = (
				C42FA4AB2A046C6000F13D41 /* Tela02.storyboard in Resources */,
				C46F7D682A0472DC0094CA24 /* assets.xcassets in Resources */,
				C42FA4A02A046ACF00F13D41 /* LaunchScreen.storyboard in Resources */,
				C42FA49B2A046ACD00F13D41 /* Main.storyboard in Resources */,
			);
			runOnlyForDeploymentPostprocessing = 0;
		};
/* End PBXResourcesBuildPhase section */

/* Begin PBXSourcesBuildPhase section */
		C42FA48C2A046ACD00F13D41 /* Sources */ = {
			isa = PBXSourcesBuildPhase;
			buildActionMask = 2147483647;
			files = (
				C42FA4982A046ACD00F13D41 /* ViewController.swift in Sources */,
				C42FA4942A046ACD00F13D41 /* AppDelegate.swift in Sources */,
				C42FA4962A046ACD00F13D41 /* SceneDelegate.swift in Sources */,
				C46F7D6B2A048F5E0094CA24 /* NSNotificationName+Extension.swift in Sources */,
				C42FA4AD2A046C7300F13D41 /* Tela02.swift in Sources */,
			);
			runOnlyForDeploymentPostprocessing = 0;
		};
/* End PBXSourcesBuildPhase section */

/* Begin PBXVariantGroup section */
		C42FA4992A046ACD00F13D41 /* Main.storyboard */ = {
			isa = PBXVariantGroup;
			children = (
				C42FA49A2A046ACD00F13D41 /* Base */,
			);
			name = Main.storyboard;
			sourceTree = "<group>";
		};
		C42FA49E2A046ACF00F13D41 /* LaunchScreen.storyboard */ = {
			isa = PBXVariantGroup;
			children = (
				C42FA49F2A046ACF00F13D41 /* Base */,
			);
			name = LaunchScreen.storyboard;
			sourceTree = "<group>";
		};
/* End PBXVariantGroup section */

/* Begin XCBuildConfiguration section */
		C42FA4A22A046ACF00F13D41 /* Debug */ = {
			isa = XCBuildConfiguration;
			buildSettings = {
				ALWAYS_SEARCH_USER_PATHS = NO;
				CLANG_ANALYZER_NONNULL = YES;
				CLANG_ANALYZER_NUMBER_OBJECT_CONVERSION = YES_AGGRESSIVE;
				CLANG_CXX_LANGUAGE_STANDARD = "gnu++20";
				CLANG_ENABLE_MODULES = YES;
				CLANG_ENABLE_OBJC_ARC = YES;
				CLANG_ENABLE_OBJC_WEAK = YES;
				CLANG_WARN_BLOCK_CAPTURE_AUTORELEASING = YES;
				CLANG_WARN_BOOL_CONVERSION = YES;
				CLANG_WARN_COMMA = YES;
				CLANG_WARN_CONSTANT_CONVERSION = YES;
				CLANG_WARN_DEPRECATED_OBJC_IMPLEMENTATIONS = YES;
				CLANG_WARN_DIRECT_OBJC_ISA_USAGE = YES_ERROR;
				CLANG_WARN_DOCUMENTATION_COMMENTS = YES;
				CLANG_WARN_EMPTY_BODY = YES;
				CLANG_WARN_ENUM_CONVERSION = YES;
				CLANG_WARN_INFINITE_RECURSION = YES;
				CLANG_WARN_INT_CONVERSION = YES;
				CLANG_WARN_NON_LITERAL_NULL_CONVERSION = YES;
				CLANG_WARN_OBJC_IMPLICIT_RETAIN_SELF = YES;
				CLANG_WARN_OBJC_LITERAL_CONVERSION = YES;
				CLANG_WARN_OBJC_ROOT_CLASS = YES_ERROR;
				CLANG_WARN_QUOTED_INCLUDE_IN_FRAMEWORK_HEADER = YES;
				CLANG_WARN_RANGE_LOOP_ANALYSIS = YES;
				CLANG_WARN_STRICT_PROTOTYPES = YES;
				CLANG_WARN_SUSPICIOUS_MOVE = YES;
				CLANG_WARN_UNGUARDED_AVAILABILITY = YES_AGGRESSIVE;
				CLANG_WARN_UNREACHABLE_CODE = YES;
				CLANG_WARN__DUPLICATE_METHOD_MATCH = YES;
				COPY_PHASE_STRIP = NO;
				DEBUG_INFORMATION_FORMAT = dwarf;
				ENABLE_STRICT_OBJC_MSGSEND = YES;
				ENABLE_TESTABILITY = YES;
				GCC_C_LANGUAGE_STANDARD = gnu11;
				GCC_DYNAMIC_NO_PIC = NO;
				GCC_NO_COMMON_BLOCKS = YES;
				GCC_OPTIMIZATION_LEVEL = 0;
				GCC_PREPROCESSOR_DEFINITIONS = (
					"DEBUG=1",
					"$(inherited)",
				);
				GCC_WARN_64_TO_32_BIT_CONVERSION = YES;
				GCC_WARN_ABOUT_RETURN_TYPE = YES_ERROR;
				GCC_WARN_UNDECLARED_SELECTOR = YES;
				GCC_WARN_UNINITIALIZED_AUTOS = YES_AGGRESSIVE;
				GCC_WARN_UNUSED_FUNCTION = YES;
				GCC_WARN_UNUSED_VARIABLE = YES;
				IPHONEOS_DEPLOYMENT_TARGET = 16.4;
				MTL_ENABLE_DEBUG_INFO = INCLUDE_SOURCE;
				MTL_FAST_MATH = YES;
				ONLY_ACTIVE_ARCH = YES;
				SDKROOT = iphoneos;
				SWIFT_ACTIVE_COMPILATION_CONDITIONS = DEBUG;
				SWIFT_OPTIMIZATION_LEVEL = "-Onone";
			};
			name = Debug;
		};
		C42FA4A32A046ACF00F13D41 /* Release */ = {
			isa = XCBuildConfiguration;
			buildSettings = {
				ALWAYS_SEARCH_USER_PATHS = NO;
				CLANG_ANALYZER_NONNULL = YES;
				CLANG_ANALYZER_NUMBER_OBJECT_CONVERSION = YES_AGGRESSIVE;
				CLANG_CXX_LANGUAGE_STANDARD = "gnu++20";
				CLANG_ENABLE_MODULES = YES;
				CLANG_ENABLE_OBJC_ARC = YES;
				CLANG_ENABLE_OBJC_WEAK = YES;
				CLANG_WARN_BLOCK_CAPTURE_AUTORELEASING = YES;
				CLANG_WARN_BOOL_CONVERSION = YES;
				CLANG_WARN_COMMA = YES;
				CLANG_WARN_CONSTANT_CONVERSION = YES;
				CLANG_WARN_DEPRECATED_OBJC_IMPLEMENTATIONS = YES;
				CLANG_WARN_DIRECT_OBJC_ISA_USAGE = YES_ERROR;
				CLANG_WARN_DOCUMENTATION_COMMENTS = YES;
				CLANG_WARN_EMPTY_BODY = YES;
				CLANG_WARN_ENUM_CONVERSION = YES;
				CLANG_WARN_INFINITE_RECURSION = YES;
				CLANG_WARN_INT_CONVERSION = YES;
				CLANG_WARN_NON_LITERAL_NULL_CONVERSION = YES;
				CLANG_WARN_OBJC_IMPLICIT_RETAIN_SELF = YES;
				CLANG_WARN_OBJC_LITERAL_CONVERSION = YES;
				CLANG_WARN_OBJC_ROOT_CLASS = YES_ERROR;
				CLANG_WARN_QUOTED_INCLUDE_IN_FRAMEWORK_HEADER = YES;
				CLANG_WARN_RANGE_LOOP_ANALYSIS = YES;
				CLANG_WARN_STRICT_PROTOTYPES = YES;
				CLANG_WARN_SUSPICIOUS_MOVE = YES;
				CLANG_WARN_UNGUARDED_AVAILABILITY = YES_AGGRESSIVE;
				CLANG_WARN_UNREACHABLE_CODE = YES;
				CLANG_WARN__DUPLICATE_METHOD_MATCH = YES;
				COPY_PHASE_STRIP = NO;
				DEBUG_INFORMATION_FORMAT = "dwarf-with-dsym";
				ENABLE_NS_ASSERTIONS = NO;
				ENABLE_STRICT_OBJC_MSGSEND = YES;
				GCC_C_LANGUAGE_STANDARD = gnu11;
				GCC_NO_COMMON_BLOCKS = YES;
				GCC_WARN_64_TO_32_BIT_CONVERSION = YES;
				GCC_WARN_ABOUT_RETURN_TYPE = YES_ERROR;
				GCC_WARN_UNDECLARED_SELECTOR = YES;
				GCC_WARN_UNINITIALIZED_AUTOS = YES_AGGRESSIVE;
				GCC_WARN_UNUSED_FUNCTION = YES;
				GCC_WARN_UNUSED_VARIABLE = YES;
				IPHONEOS_DEPLOYMENT_TARGET = 16.4;
				MTL_ENABLE_DEBUG_INFO = NO;
				MTL_FAST_MATH = YES;
				SDKROOT = iphoneos;
				SWIFT_COMPILATION_MODE = wholemodule;
				SWIFT_OPTIMIZATION_LEVEL = "-O";
				VALIDATE_PRODUCT = YES;
			};
			name = Release;
		};
		C42FA4A52A046ACF00F13D41 /* Debug */ = {
			isa = XCBuildConfiguration;
			buildSettings = {
				ASSETCATALOG_COMPILER_APPICON_NAME = AppIcon;
				ASSETCATALOG_COMPILER_GLOBAL_ACCENT_COLOR_NAME = AccentColor;
				CODE_SIGN_STYLE = Automatic;
				CURRENT_PROJECT_VERSION = 1;
				GENERATE_INFOPLIST_FILE = YES;
				INFOPLIST_FILE = notificationCenterEProtocol/Info.plist;
				INFOPLIST_KEY_UIApplicationSupportsIndirectInputEvents = YES;
				INFOPLIST_KEY_UILaunchStoryboardName = LaunchScreen;
				INFOPLIST_KEY_UIMainStoryboardFile = Main;
				INFOPLIST_KEY_UISupportedInterfaceOrientations_iPad = "UIInterfaceOrientationPortrait UIInterfaceOrientationPortraitUpsideDown UIInterfaceOrientationLandscapeLeft UIInterfaceOrientationLandscapeRight";
				INFOPLIST_KEY_UISupportedInterfaceOrientations_iPhone = "UIInterfaceOrientationPortrait UIInterfaceOrientationLandscapeLeft UIInterfaceOrientationLandscapeRight";
				LD_RUNPATH_SEARCH_PATHS = (
					"$(inherited)",
					"@executable_path/Frameworks",
				);
				MARKETING_VERSION = 1.0;
				PRODUCT_BUNDLE_IDENTIFIER = Backfront.notificationCenterEProtocol;
				PRODUCT_NAME = "$(TARGET_NAME)";
				SWIFT_EMIT_LOC_STRINGS = YES;
				SWIFT_VERSION = 5.0;
				TARGETED_DEVICE_FAMILY = "1,2";
			};
			name = Debug;
		};
		C42FA4A62A046ACF00F13D41 /* Release */ = {
			isa = XCBuildConfiguration;
			buildSettings = {
				ASSETCATALOG_COMPILER_APPICON_NAME = AppIcon;
				ASSETCATALOG_COMPILER_GLOBAL_ACCENT_COLOR_NAME = AccentColor;
				CODE_SIGN_STYLE = Automatic;
				CURRENT_PROJECT_VERSION = 1;
				GENERATE_INFOPLIST_FILE = YES;
				INFOPLIST_FILE = notificationCenterEProtocol/Info.plist;
				INFOPLIST_KEY_UIApplicationSupportsIndirectInputEvents = YES;
				INFOPLIST_KEY_UILaunchStoryboardName = LaunchScreen;
				INFOPLIST_KEY_UIMainStoryboardFile = Main;
				INFOPLIST_KEY_UISupportedInterfaceOrientations_iPad = "UIInterfaceOrientationPortrait UIInterfaceOrientationPortraitUpsideDown UIInterfaceOrientationLandscapeLeft UIInterfaceOrientationLandscapeRight";
				INFOPLIST_KEY_UISupportedInterfaceOrientations_iPhone = "UIInterfaceOrientationPortrait UIInterfaceOrientationLandscapeLeft UIInterfaceOrientationLandscapeRight";
				LD_RUNPATH_SEARCH_PATHS = (
					"$(inherited)",
					"@executable_path/Frameworks",
				);
				MARKETING_VERSION = 1.0;
				PRODUCT_BUNDLE_IDENTIFIER = Backfront.notificationCenterEProtocol;
				PRODUCT_NAME = "$(TARGET_NAME)";
				SWIFT_EMIT_LOC_STRINGS = YES;
				SWIFT_VERSION = 5.0;
				TARGETED_DEVICE_FAMILY = "1,2";
			};
			name = Release;
		};
/* End XCBuildConfiguration section */

/* Begin XCConfigurationList section */
		C42FA48B2A046ACD00F13D41 /* Build configuration list for PBXProject "notificationCenterEProtocol" */ = {
			isa = XCConfigurationList;
			buildConfigurations = (
				C42FA4A22A046ACF00F13D41 /* Debug */,
				C42FA4A32A046ACF00F13D41 /* Release */,
			);
			defaultConfigurationIsVisible = 0;
			defaultConfigurationName = Release;
		};
		C42FA4A42A046ACF00F13D41 /* Build configuration list for PBXNativeTarget "notificationCenterEProtocol" */ = {
			isa = XCConfigurationList;
			buildConfigurations = (
				C42FA4A52A046ACF00F13D41 /* Debug */,
				C42FA4A62A046ACF00F13D41 /* Release */,
			);
			defaultConfigurationIsVisible = 0;
			defaultConfigurationName = Release;
		};
/* End XCConfigurationList section */
	};
	rootObject = C42FA4882A046ACD00F13D41 /* Project object */;
}
